// !$*UTF8*$!
{
	archiveVersion = 1;
	classes = {
	};
	objectVersion = 50;
	objects = {

/* Begin PBXBuildFile section */
		3541526699FE9C5130A896BE /* Pods_CXTodayNews.framework in Frameworks */ = {isa = PBXBuildFile; fileRef = 2807AA132115E578E4A74E7C /* Pods_CXTodayNews.framework */; };
		CAE1781A25CD2582000F6053 /* AppDelegate.swift in Sources */ = {isa = PBXBuildFile; fileRef = CAE1781925CD2582000F6053 /* AppDelegate.swift */; };
		CAE1782125CD2582000F6053 /* Main.storyboard in Resources */ = {isa = PBXBuildFile; fileRef = CAE1781F25CD2582000F6053 /* Main.storyboard */; };
		CAE1782325CD2583000F6053 /* Assets.xcassets in Resources */ = {isa = PBXBuildFile; fileRef = CAE1782225CD2583000F6053 /* Assets.xcassets */; };
		CAE1782625CD2583000F6053 /* LaunchScreen.storyboard in Resources */ = {isa = PBXBuildFile; fileRef = CAE1782425CD2583000F6053 /* LaunchScreen.storyboard */; };
		CAE1789C25CD7E37000F6053 /* HomeViewController.swift in Sources */ = {isa = PBXBuildFile; fileRef = CAE1787D25CD7E37000F6053 /* HomeViewController.swift */; };
		CAE178A025CD7E37000F6053 /* MineViewController.swift in Sources */ = {isa = PBXBuildFile; fileRef = CAE1788D25CD7E37000F6053 /* MineViewController.swift */; };
		CAE178A125CD7E37000F6053 /* CXTabBarController.swift in Sources */ = {isa = PBXBuildFile; fileRef = CAE1789225CD7E37000F6053 /* CXTabBarController.swift */; };
		CAE178A225CD7E37000F6053 /* CXNavigationController.swift in Sources */ = {isa = PBXBuildFile; fileRef = CAE1789325CD7E37000F6053 /* CXNavigationController.swift */; };
		CAE178A325CD7E37000F6053 /* CXTabbar.swift in Sources */ = {isa = PBXBuildFile; fileRef = CAE1789625CD7E37000F6053 /* CXTabbar.swift */; };
		CAE178A425CD7E37000F6053 /* VolcanoViewController.swift in Sources */ = {isa = PBXBuildFile; fileRef = CAE1789925CD7E37000F6053 /* VolcanoViewController.swift */; };
		CAE178AA25CD7EA1000F6053 /* Common.swift in Sources */ = {isa = PBXBuildFile; fileRef = CAE178A825CD7EA1000F6053 /* Common.swift */; };
		CAE178AB25CD7EA1000F6053 /* CXClassInfoTool.swift in Sources */ = {isa = PBXBuildFile; fileRef = CAE178A925CD7EA1000F6053 /* CXClassInfoTool.swift */; };
		CAE178AE25CD7ED0000F6053 /* VideoViewController.swift in Sources */ = {isa = PBXBuildFile; fileRef = CAE178AD25CD7ED0000F6053 /* VideoViewController.swift */; };
/* End PBXBuildFile section */

/* Begin PBXFileReference section */
		2807AA132115E578E4A74E7C /* Pods_CXTodayNews.framework */ = {isa = PBXFileReference; explicitFileType = wrapper.framework; includeInIndex = 0; path = Pods_CXTodayNews.framework; sourceTree = BUILT_PRODUCTS_DIR; };
		28CD9E5AD04175F8C137C60A /* Pods-CXTodayNews.debug.xcconfig */ = {isa = PBXFileReference; includeInIndex = 1; lastKnownFileType = text.xcconfig; name = "Pods-CXTodayNews.debug.xcconfig"; path = "Target Support Files/Pods-CXTodayNews/Pods-CXTodayNews.debug.xcconfig"; sourceTree = "<group>"; };
		32177065DC8C18522AB2A8C4 /* Pods-CXTodayNews.release.xcconfig */ = {isa = PBXFileReference; includeInIndex = 1; lastKnownFileType = text.xcconfig; name = "Pods-CXTodayNews.release.xcconfig"; path = "Target Support Files/Pods-CXTodayNews/Pods-CXTodayNews.release.xcconfig"; sourceTree = "<group>"; };
		CAE1781625CD2582000F6053 /* CXTodayNews.app */ = {isa = PBXFileReference; explicitFileType = wrapper.application; includeInIndex = 0; path = CXTodayNews.app; sourceTree = BUILT_PRODUCTS_DIR; };
		CAE1781925CD2582000F6053 /* AppDelegate.swift */ = {isa = PBXFileReference; lastKnownFileType = sourcecode.swift; path = AppDelegate.swift; sourceTree = "<group>"; };
		CAE1782025CD2582000F6053 /* Base */ = {isa = PBXFileReference; lastKnownFileType = file.storyboard; name = Base; path = Base.lproj/Main.storyboard; sourceTree = "<group>"; };
		CAE1782225CD2583000F6053 /* Assets.xcassets */ = {isa = PBXFileReference; lastKnownFileType = folder.assetcatalog; path = Assets.xcassets; sourceTree = "<group>"; };
		CAE1782525CD2583000F6053 /* Base */ = {isa = PBXFileReference; lastKnownFileType = file.storyboard; name = Base; path = Base.lproj/LaunchScreen.storyboard; sourceTree = "<group>"; };
		CAE1782725CD2583000F6053 /* Info.plist */ = {isa = PBXFileReference; lastKnownFileType = text.plist.xml; path = Info.plist; sourceTree = "<group>"; };
		CAE1787D25CD7E37000F6053 /* HomeViewController.swift */ = {isa = PBXFileReference; fileEncoding = 4; lastKnownFileType = sourcecode.swift; path = HomeViewController.swift; sourceTree = "<group>"; };
		CAE1788D25CD7E37000F6053 /* MineViewController.swift */ = {isa = PBXFileReference; fileEncoding = 4; lastKnownFileType = sourcecode.swift; path = MineViewController.swift; sourceTree = "<group>"; };
		CAE1789225CD7E37000F6053 /* CXTabBarController.swift */ = {isa = PBXFileReference; fileEncoding = 4; lastKnownFileType = sourcecode.swift; path = CXTabBarController.swift; sourceTree = "<group>"; };
		CAE1789325CD7E37000F6053 /* CXNavigationController.swift */ = {isa = PBXFileReference; fileEncoding = 4; lastKnownFileType = sourcecode.swift; path = CXNavigationController.swift; sourceTree = "<group>"; };
		CAE1789625CD7E37000F6053 /* CXTabbar.swift */ = {isa = PBXFileReference; fileEncoding = 4; lastKnownFileType = sourcecode.swift; path = CXTabbar.swift; sourceTree = "<group>"; };
		CAE1789925CD7E37000F6053 /* VolcanoViewController.swift */ = {isa = PBXFileReference; fileEncoding = 4; lastKnownFileType = sourcecode.swift; path = VolcanoViewController.swift; sourceTree = "<group>"; };
		CAE178A825CD7EA1000F6053 /* Common.swift */ = {isa = PBXFileReference; fileEncoding = 4; lastKnownFileType = sourcecode.swift; path = Common.swift; sourceTree = "<group>"; };
		CAE178A925CD7EA1000F6053 /* CXClassInfoTool.swift */ = {isa = PBXFileReference; fileEncoding = 4; lastKnownFileType = sourcecode.swift; path = CXClassInfoTool.swift; sourceTree = "<group>"; };
		CAE178AD25CD7ED0000F6053 /* VideoViewController.swift */ = {isa = PBXFileReference; fileEncoding = 4; lastKnownFileType = sourcecode.swift; path = VideoViewController.swift; sourceTree = "<group>"; };
/* End PBXFileReference section */

/* Begin PBXFrameworksBuildPhase section */
		CAE1781325CD2582000F6053 /* Frameworks */ = {
			isa = PBXFrameworksBuildPhase;
			buildActionMask = 2147483647;
			files = (
				3541526699FE9C5130A896BE /* Pods_CXTodayNews.framework in Frameworks */,
			);
			runOnlyForDeploymentPostprocessing = 0;
		};
/* End PBXFrameworksBuildPhase section */

/* Begin PBXGroup section */
		493D173E5B70217B5F8549CC /* Frameworks */ = {
			isa = PBXGroup;
			children = (
				2807AA132115E578E4A74E7C /* Pods_CXTodayNews.framework */,
			);
			name = Frameworks;
			sourceTree = "<group>";
		};
		A153439AABED4B1D06FDE11D /* Pods */ = {
			isa = PBXGroup;
			children = (
				28CD9E5AD04175F8C137C60A /* Pods-CXTodayNews.debug.xcconfig */,
				32177065DC8C18522AB2A8C4 /* Pods-CXTodayNews.release.xcconfig */,
			);
			path = Pods;
			sourceTree = "<group>";
		};
		CAE1780D25CD2582000F6053 = {
			isa = PBXGroup;
			children = (
				CAE1781825CD2582000F6053 /* CXTodayNews */,
				CAE1781725CD2582000F6053 /* Products */,
				A153439AABED4B1D06FDE11D /* Pods */,
				493D173E5B70217B5F8549CC /* Frameworks */,
			);
			sourceTree = "<group>";
		};
		CAE1781725CD2582000F6053 /* Products */ = {
			isa = PBXGroup;
			children = (
				CAE1781625CD2582000F6053 /* CXTodayNews.app */,
			);
			name = Products;
			sourceTree = "<group>";
		};
		CAE1781825CD2582000F6053 /* CXTodayNews */ = {
			isa = PBXGroup;
			children = (
				CAE1787A25CD7E37000F6053 /* Classes */,
				CAE1781F25CD2582000F6053 /* Main.storyboard */,
				CAE1782225CD2583000F6053 /* Assets.xcassets */,
				CAE1782425CD2583000F6053 /* LaunchScreen.storyboard */,
				CAE1782725CD2583000F6053 /* Info.plist */,
			);
			path = CXTodayNews;
			sourceTree = "<group>";
		};
		CAE1787A25CD7E37000F6053 /* Classes */ = {
			isa = PBXGroup;
			children = (
				CAE1787B25CD7E37000F6053 /* Home */,
				CAE1788025CD7E37000F6053 /* Video */,
				CAE1788B25CD7E37000F6053 /* Mine */,
				CAE1789025CD7E37000F6053 /* Main */,
				CAE1789725CD7E37000F6053 /* Volcano */,
				CAE1788525CD7E37000F6053 /* Others */,
			);
			path = Classes;
			sourceTree = "<group>";
		};
		CAE1787B25CD7E37000F6053 /* Home */ = {
			isa = PBXGroup;
			children = (
				CAE1787C25CD7E37000F6053 /* Controller */,
				CAE1787E25CD7E37000F6053 /* Model */,
				CAE1787F25CD7E37000F6053 /* View */,
			);
			path = Home;
			sourceTree = "<group>";
		};
		CAE1787C25CD7E37000F6053 /* Controller */ = {
			isa = PBXGroup;
			children = (
				CAE1787D25CD7E37000F6053 /* HomeViewController.swift */,
			);
			path = Controller;
			sourceTree = "<group>";
		};
		CAE1787E25CD7E37000F6053 /* Model */ = {
			isa = PBXGroup;
			children = (
			);
			path = Model;
			sourceTree = "<group>";
		};
		CAE1787F25CD7E37000F6053 /* View */ = {
			isa = PBXGroup;
			children = (
			);
			path = View;
			sourceTree = "<group>";
		};
		CAE1788025CD7E37000F6053 /* Video */ = {
			isa = PBXGroup;
			children = (
				CAE1788125CD7E37000F6053 /* Controller */,
				CAE1788225CD7E37000F6053 /* Model */,
				CAE1788325CD7E37000F6053 /* View */,
			);
			path = Video;
			sourceTree = "<group>";
		};
		CAE1788125CD7E37000F6053 /* Controller */ = {
			isa = PBXGroup;
			children = (
				CAE178AD25CD7ED0000F6053 /* VideoViewController.swift */,
			);
			path = Controller;
			sourceTree = "<group>";
		};
		CAE1788225CD7E37000F6053 /* Model */ = {
			isa = PBXGroup;
			children = (
			);
			path = Model;
			sourceTree = "<group>";
		};
		CAE1788325CD7E37000F6053 /* View */ = {
			isa = PBXGroup;
			children = (
			);
			path = View;
			sourceTree = "<group>";
		};
		CAE1788525CD7E37000F6053 /* Others */ = {
			isa = PBXGroup;
			children = (
				CAE178A725CD7EA1000F6053 /* Tools */,
				CAE1781925CD2582000F6053 /* AppDelegate.swift */,
			);
			path = Others;
			sourceTree = "<group>";
		};
		CAE1788B25CD7E37000F6053 /* Mine */ = {
			isa = PBXGroup;
			children = (
				CAE1788C25CD7E37000F6053 /* Controller */,
				CAE1788E25CD7E37000F6053 /* Model */,
				CAE1788F25CD7E37000F6053 /* View */,
			);
			path = Mine;
			sourceTree = "<group>";
		};
		CAE1788C25CD7E37000F6053 /* Controller */ = {
			isa = PBXGroup;
			children = (
				CAE1788D25CD7E37000F6053 /* MineViewController.swift */,
			);
			path = Controller;
			sourceTree = "<group>";
		};
		CAE1788E25CD7E37000F6053 /* Model */ = {
			isa = PBXGroup;
			children = (
			);
			path = Model;
			sourceTree = "<group>";
		};
		CAE1788F25CD7E37000F6053 /* View */ = {
			isa = PBXGroup;
			children = (
			);
			path = View;
			sourceTree = "<group>";
		};
		CAE1789025CD7E37000F6053 /* Main */ = {
			isa = PBXGroup;
			children = (
				CAE1789125CD7E37000F6053 /* Controller */,
				CAE1789425CD7E37000F6053 /* Model */,
				CAE1789525CD7E37000F6053 /* View */,
			);
			path = Main;
			sourceTree = "<group>";
		};
		CAE1789125CD7E37000F6053 /* Controller */ = {
			isa = PBXGroup;
			children = (
				CAE1789225CD7E37000F6053 /* CXTabBarController.swift */,
				CAE1789325CD7E37000F6053 /* CXNavigationController.swift */,
			);
			path = Controller;
			sourceTree = "<group>";
		};
		CAE1789425CD7E37000F6053 /* Model */ = {
			isa = PBXGroup;
			children = (
			);
			path = Model;
			sourceTree = "<group>";
		};
		CAE1789525CD7E37000F6053 /* View */ = {
			isa = PBXGroup;
			children = (
				CAE1789625CD7E37000F6053 /* CXTabbar.swift */,
			);
			path = View;
			sourceTree = "<group>";
		};
		CAE1789725CD7E37000F6053 /* Volcano */ = {
			isa = PBXGroup;
			children = (
				CAE1789825CD7E37000F6053 /* Controller */,
				CAE1789A25CD7E37000F6053 /* Model */,
				CAE1789B25CD7E37000F6053 /* View */,
			);
			path = Volcano;
			sourceTree = "<group>";
		};
		CAE1789825CD7E37000F6053 /* Controller */ = {
			isa = PBXGroup;
			children = (
				CAE1789925CD7E37000F6053 /* VolcanoViewController.swift */,
			);
			path = Controller;
			sourceTree = "<group>";
		};
		CAE1789A25CD7E37000F6053 /* Model */ = {
			isa = PBXGroup;
			children = (
			);
			path = Model;
			sourceTree = "<group>";
		};
		CAE1789B25CD7E37000F6053 /* View */ = {
			isa = PBXGroup;
			children = (
			);
			path = View;
			sourceTree = "<group>";
		};
		CAE178A725CD7EA1000F6053 /* Tools */ = {
			isa = PBXGroup;
			children = (
				CAE178A825CD7EA1000F6053 /* Common.swift */,
				CAE178A925CD7EA1000F6053 /* CXClassInfoTool.swift */,
			);
			path = Tools;
			sourceTree = "<group>";
		};
/* End PBXGroup section */

/* Begin PBXNativeTarget section */
		CAE1781525CD2582000F6053 /* CXTodayNews */ = {
			isa = PBXNativeTarget;
			buildConfigurationList = CAE1782A25CD2583000F6053 /* Build configuration list for PBXNativeTarget "CXTodayNews" */;
			buildPhases = (
				C03376D758D7580745CAFF9B /* [CP] Check Pods Manifest.lock */,
				CAE1781225CD2582000F6053 /* Sources */,
				CAE1781325CD2582000F6053 /* Frameworks */,
				CAE1781425CD2582000F6053 /* Resources */,
			);
			buildRules = (
			);
			dependencies = (
			);
			name = CXTodayNews;
			productName = CXTodayNews;
			productReference = CAE1781625CD2582000F6053 /* CXTodayNews.app */;
			productType = "com.apple.product-type.application";
		};
/* End PBXNativeTarget section */

/* Begin PBXProject section */
		CAE1780E25CD2582000F6053 /* Project object */ = {
			isa = PBXProject;
			attributes = {
				LastSwiftUpdateCheck = 1240;
				LastUpgradeCheck = 1240;
				TargetAttributes = {
					CAE1781525CD2582000F6053 = {
						CreatedOnToolsVersion = 12.4;
					};
				};
			};
			buildConfigurationList = CAE1781125CD2582000F6053 /* Build configuration list for PBXProject "CXTodayNews" */;
			compatibilityVersion = "Xcode 9.3";
			developmentRegion = en;
			hasScannedForEncodings = 0;
			knownRegions = (
				en,
				Base,
			);
			mainGroup = CAE1780D25CD2582000F6053;
			productRefGroup = CAE1781725CD2582000F6053 /* Products */;
			projectDirPath = "";
			projectRoot = "";
			targets = (
				CAE1781525CD2582000F6053 /* CXTodayNews */,
			);
		};
/* End PBXProject section */

/* Begin PBXResourcesBuildPhase section */
		CAE1781425CD2582000F6053 /* Resources */ = {
			isa = PBXResourcesBuildPhase;
			buildActionMask = 2147483647;
			files = (
				CAE1782625CD2583000F6053 /* LaunchScreen.storyboard in Resources */,
				CAE1782325CD2583000F6053 /* Assets.xcassets in Resources */,
				CAE1782125CD2582000F6053 /* Main.storyboard in Resources */,
			);
			runOnlyForDeploymentPostprocessing = 0;
		};
/* End PBXResourcesBuildPhase section */

/* Begin PBXShellScriptBuildPhase section */
		C03376D758D7580745CAFF9B /* [CP] Check Pods Manifest.lock */ = {
			isa = PBXShellScriptBuildPhase;
			buildActionMask = 2147483647;
			files = (
			);
			inputFileListPaths = (
			);
			inputPaths = (
				"${PODS_PODFILE_DIR_PATH}/Podfile.lock",
				"${PODS_ROOT}/Manifest.lock",
			);
			name = "[CP] Check Pods Manifest.lock";
			outputFileListPaths = (
			);
			outputPaths = (
				"$(DERIVED_FILE_DIR)/Pods-CXTodayNews-checkManifestLockResult.txt",
			);
			runOnlyForDeploymentPostprocessing = 0;
			shellPath = /bin/sh;
			shellScript = "diff \"${PODS_PODFILE_DIR_PATH}/Podfile.lock\" \"${PODS_ROOT}/Manifest.lock\" > /dev/null\nif [ $? != 0 ] ; then\n    # print error to STDERR\n    echo \"error: The sandbox is not in sync with the Podfile.lock. Run 'pod install' or update your CocoaPods installation.\" >&2\n    exit 1\nfi\n# This output is used by Xcode 'outputs' to avoid re-running this script phase.\necho \"SUCCESS\" > \"${SCRIPT_OUTPUT_FILE_0}\"\n";
			showEnvVarsInLog = 0;
		};
/* End PBXShellScriptBuildPhase section */

/* Begin PBXSourcesBuildPhase section */
		CAE1781225CD2582000F6053 /* Sources */ = {
			isa = PBXSourcesBuildPhase;
			buildActionMask = 2147483647;
			files = (
				CAE178A325CD7E37000F6053 /* CXTabbar.swift in Sources */,
				CAE178AB25CD7EA1000F6053 /* CXClassInfoTool.swift in Sources */,
				CAE178A425CD7E37000F6053 /* VolcanoViewController.swift in Sources */,
				CAE178A225CD7E37000F6053 /* CXNavigationController.swift in Sources */,
				CAE1781A25CD2582000F6053 /* AppDelegate.swift in Sources */,
				CAE178AA25CD7EA1000F6053 /* Common.swift in Sources */,
				CAE178A025CD7E37000F6053 /* MineViewController.swift in Sources */,
				CAE178A125CD7E37000F6053 /* CXTabBarController.swift in Sources */,
				CAE178AE25CD7ED0000F6053 /* VideoViewController.swift in Sources */,
				CAE1789C25CD7E37000F6053 /* HomeViewController.swift in Sources */,
			);
			runOnlyForDeploymentPostprocessing = 0;
		};
/* End PBXSourcesBuildPhase section */

/* Begin PBXVariantGroup section */
		CAE1781F25CD2582000F6053 /* Main.storyboard */ = {
			isa = PBXVariantGroup;
			children = (
				CAE1782025CD2582000F6053 /* Base */,
			);
			name = Main.storyboard;
			sourceTree = "<group>";
		};
		CAE1782425CD2583000F6053 /* LaunchScreen.storyboard */ = {
			isa = PBXVariantGroup;
			children = (
				CAE1782525CD2583000F6053 /* Base */,
			);
			name = LaunchScreen.storyboard;
			sourceTree = "<group>";
		};
/* End PBXVariantGroup section */

/* Begin XCBuildConfiguration section */
		CAE1782825CD2583000F6053 /* Debug */ = {
			isa = XCBuildConfiguration;
			buildSettings = {
				ALWAYS_SEARCH_USER_PATHS = NO;
				CLANG_ANALYZER_NONNULL = YES;
				CLANG_ANALYZER_NUMBER_OBJECT_CONVERSION = YES_AGGRESSIVE;
				CLANG_CXX_LANGUAGE_STANDARD = "gnu++14";
				CLANG_CXX_LIBRARY = "libc++";
				CLANG_ENABLE_MODULES = YES;
				CLANG_ENABLE_OBJC_ARC = YES;
				CLANG_ENABLE_OBJC_WEAK = YES;
				CLANG_WARN_BLOCK_CAPTURE_AUTORELEASING = YES;
				CLANG_WARN_BOOL_CONVERSION = YES;
				CLANG_WARN_COMMA = YES;
				CLANG_WARN_CONSTANT_CONVERSION = YES;
				CLANG_WARN_DEPRECATED_OBJC_IMPLEMENTATIONS = YES;
				CLANG_WARN_DIRECT_OBJC_ISA_USAGE = YES_ERROR;
				CLANG_WARN_DOCUMENTATION_COMMENTS = YES;
				CLANG_WARN_EMPTY_BODY = YES;
				CLANG_WARN_ENUM_CONVERSION = YES;
				CLANG_WARN_INFINITE_RECURSION = YES;
				CLANG_WARN_INT_CONVERSION = YES;
				CLANG_WARN_NON_LITERAL_NULL_CONVERSION = YES;
				CLANG_WARN_OBJC_IMPLICIT_RETAIN_SELF = YES;
				CLANG_WARN_OBJC_LITERAL_CONVERSION = YES;
				CLANG_WARN_OBJC_ROOT_CLASS = YES_ERROR;
				CLANG_WARN_QUOTED_INCLUDE_IN_FRAMEWORK_HEADER = YES;
				CLANG_WARN_RANGE_LOOP_ANALYSIS = YES;
				CLANG_WARN_STRICT_PROTOTYPES = YES;
				CLANG_WARN_SUSPICIOUS_MOVE = YES;
				CLANG_WARN_UNGUARDED_AVAILABILITY = YES_AGGRESSIVE;
				CLANG_WARN_UNREACHABLE_CODE = YES;
				CLANG_WARN__DUPLICATE_METHOD_MATCH = YES;
				COPY_PHASE_STRIP = NO;
				DEBUG_INFORMATION_FORMAT = dwarf;
				ENABLE_STRICT_OBJC_MSGSEND = YES;
				ENABLE_TESTABILITY = YES;
				GCC_C_LANGUAGE_STANDARD = gnu11;
				GCC_DYNAMIC_NO_PIC = NO;
				GCC_NO_COMMON_BLOCKS = YES;
				GCC_OPTIMIZATION_LEVEL = 0;
				GCC_PREPROCESSOR_DEFINITIONS = (
					"DEBUG=1",
					"$(inherited)",
				);
				GCC_WARN_64_TO_32_BIT_CONVERSION = YES;
				GCC_WARN_ABOUT_RETURN_TYPE = YES_ERROR;
				GCC_WARN_UNDECLARED_SELECTOR = YES;
				GCC_WARN_UNINITIALIZED_AUTOS = YES_AGGRESSIVE;
				GCC_WARN_UNUSED_FUNCTION = YES;
				GCC_WARN_UNUSED_VARIABLE = YES;
				IPHONEOS_DEPLOYMENT_TARGET = 14.4;
				MTL_ENABLE_DEBUG_INFO = INCLUDE_SOURCE;
				MTL_FAST_MATH = YES;
				ONLY_ACTIVE_ARCH = YES;
				SDKROOT = iphoneos;
				SWIFT_ACTIVE_COMPILATION_CONDITIONS = DEBUG;
				SWIFT_OPTIMIZATION_LEVEL = "-Onone";
			};
			name = Debug;
		};
		CAE1782925CD2583000F6053 /* Release */ = {
			isa = XCBuildConfiguration;
			buildSettings = {
				ALWAYS_SEARCH_USER_PATHS = NO;
				CLANG_ANALYZER_NONNULL = YES;
				CLANG_ANALYZER_NUMBER_OBJECT_CONVERSION = YES_AGGRESSIVE;
				CLANG_CXX_LANGUAGE_STANDARD = "gnu++14";
				CLANG_CXX_LIBRARY = "libc++";
				CLANG_ENABLE_MODULES = YES;
				CLANG_ENABLE_OBJC_ARC = YES;
				CLANG_ENABLE_OBJC_WEAK = YES;
				CLANG_WARN_BLOCK_CAPTURE_AUTORELEASING = YES;
				CLANG_WARN_BOOL_CONVERSION = YES;
				CLANG_WARN_COMMA = YES;
				CLANG_WARN_CONSTANT_CONVERSION = YES;
				CLANG_WARN_DEPRECATED_OBJC_IMPLEMENTATIONS = YES;
				CLANG_WARN_DIRECT_OBJC_ISA_USAGE = YES_ERROR;
				CLANG_WARN_DOCUMENTATION_COMMENTS = YES;
				CLANG_WARN_EMPTY_BODY = YES;
				CLANG_WARN_ENUM_CONVERSION = YES;
				CLANG_WARN_INFINITE_RECURSION = YES;
				CLANG_WARN_INT_CONVERSION = YES;
				CLANG_WARN_NON_LITERAL_NULL_CONVERSION = YES;
				CLANG_WARN_OBJC_IMPLICIT_RETAIN_SELF = YES;
				CLANG_WARN_OBJC_LITERAL_CONVERSION = YES;
				CLANG_WARN_OBJC_ROOT_CLASS = YES_ERROR;
				CLANG_WARN_QUOTED_INCLUDE_IN_FRAMEWORK_HEADER = YES;
				CLANG_WARN_RANGE_LOOP_ANALYSIS = YES;
				CLANG_WARN_STRICT_PROTOTYPES = YES;
				CLANG_WARN_SUSPICIOUS_MOVE = YES;
				CLANG_WARN_UNGUARDED_AVAILABILITY = YES_AGGRESSIVE;
				CLANG_WARN_UNREACHABLE_CODE = YES;
				CLANG_WARN__DUPLICATE_METHOD_MATCH = YES;
				COPY_PHASE_STRIP = NO;
				DEBUG_INFORMATION_FORMAT = "dwarf-with-dsym";
				ENABLE_NS_ASSERTIONS = NO;
				ENABLE_STRICT_OBJC_MSGSEND = YES;
				GCC_C_LANGUAGE_STANDARD = gnu11;
				GCC_NO_COMMON_BLOCKS = YES;
				GCC_WARN_64_TO_32_BIT_CONVERSION = YES;
				GCC_WARN_ABOUT_RETURN_TYPE = YES_ERROR;
				GCC_WARN_UNDECLARED_SELECTOR = YES;
				GCC_WARN_UNINITIALIZED_AUTOS = YES_AGGRESSIVE;
				GCC_WARN_UNUSED_FUNCTION = YES;
				GCC_WARN_UNUSED_VARIABLE = YES;
				IPHONEOS_DEPLOYMENT_TARGET = 14.4;
				MTL_ENABLE_DEBUG_INFO = NO;
				MTL_FAST_MATH = YES;
				SDKROOT = iphoneos;
				SWIFT_COMPILATION_MODE = wholemodule;
				SWIFT_OPTIMIZATION_LEVEL = "-O";
				VALIDATE_PRODUCT = YES;
			};
			name = Release;
		};
		CAE1782B25CD2583000F6053 /* Debug */ = {
			isa = XCBuildConfiguration;
			baseConfigurationReference = 28CD9E5AD04175F8C137C60A /* Pods-CXTodayNews.debug.xcconfig */;
			buildSettings = {
				ASSETCATALOG_COMPILER_APPICON_NAME = AppIcon;
				ASSETCATALOG_COMPILER_GLOBAL_ACCENT_COLOR_NAME = AccentColor;
				CODE_SIGN_STYLE = Automatic;
				INFOPLIST_FILE = CXTodayNews/Info.plist;
				IPHONEOS_DEPLOYMENT_TARGET = 9.0;
				LD_RUNPATH_SEARCH_PATHS = (
					"$(inherited)",
					"@executable_path/Frameworks",
				);
				PRODUCT_BUNDLE_IDENTIFIER = com.CXTretar.CXTodayNews;
				PRODUCT_NAME = "$(TARGET_NAME)";
				SWIFT_VERSION = 5.0;
				TARGETED_DEVICE_FAMILY = "1,2";
			};
			name = Debug;
		};
		CAE1782C25CD2583000F6053 /* Release */ = {
			isa = XCBuildConfiguration;
			baseConfigurationReference = 32177065DC8C18522AB2A8C4 /* Pods-CXTodayNews.release.xcconfig */;
			buildSettings = {
				ASSETCATALOG_COMPILER_APPICON_NAME = AppIcon;
				ASSETCATALOG_COMPILER_GLOBAL_ACCENT_COLOR_NAME = AccentColor;
				CODE_SIGN_STYLE = Automatic;
				INFOPLIST_FILE = CXTodayNews/Info.plist;
				IPHONEOS_DEPLOYMENT_TARGET = 9.0;
				LD_RUNPATH_SEARCH_PATHS = (
					"$(inherited)",
					"@executable_path/Frameworks",
				);
				PRODUCT_BUNDLE_IDENTIFIER = com.CXTretar.CXTodayNews;
				PRODUCT_NAME = "$(TARGET_NAME)";
				SWIFT_VERSION = 5.0;
				TARGETED_DEVICE_FAMILY = "1,2";
			};
			name = Release;
		};
/* End XCBuildConfiguration section */

/* Begin XCConfigurationList section */
		CAE1781125CD2582000F6053 /* Build configuration list for PBXProject "CXTodayNews" */ = {
			isa = XCConfigurationList;
			buildConfigurations = (
				CAE1782825CD2583000F6053 /* Debug */,
				CAE1782925CD2583000F6053 /* Release */,
			);
			defaultConfigurationIsVisible = 0;
			defaultConfigurationName = Release;
		};
		CAE1782A25CD2583000F6053 /* Build configuration list for PBXNativeTarget "CXTodayNews" */ = {
			isa = XCConfigurationList;
			buildConfigurations = (
				CAE1782B25CD2583000F6053 /* Debug */,
				CAE1782C25CD2583000F6053 /* Release */,
			);
			defaultConfigurationIsVisible = 0;
			defaultConfigurationName = Release;
		};
/* End XCConfigurationList section */
	};
	rootObject = CAE1780E25CD2582000F6053 /* Project object */;
}
